// !$*UTF8*$!
{
	archiveVersion = 1;
	classes = {
	};
	objectVersion = 50;
	objects = {

/* Begin PBXBuildFile section */
		283E3E1F248D2B5100BF252B /* AppDelegate.swift in Sources */ = {isa = PBXBuildFile; fileRef = 283E3E1E248D2B5100BF252B /* AppDelegate.swift */; };
		283E3E21248D2B5100BF252B /* SceneDelegate.swift in Sources */ = {isa = PBXBuildFile; fileRef = 283E3E20248D2B5100BF252B /* SceneDelegate.swift */; };
		283E3E23248D2B5100BF252B /* ViewController.swift in Sources */ = {isa = PBXBuildFile; fileRef = 283E3E22248D2B5100BF252B /* ViewController.swift */; };
		283E3E26248D2B5100BF252B /* Main.storyboard in Resources */ = {isa = PBXBuildFile; fileRef = 283E3E24248D2B5100BF252B /* Main.storyboard */; };
		283E3E28248D2B5300BF252B /* Assets.xcassets in Resources */ = {isa = PBXBuildFile; fileRef = 283E3E27248D2B5300BF252B /* Assets.xcassets */; };
		283E3E2B248D2B5300BF252B /* LaunchScreen.storyboard in Resources */ = {isa = PBXBuildFile; fileRef = 283E3E29248D2B5300BF252B /* LaunchScreen.storyboard */; };
/* End PBXBuildFile section */

/* Begin PBXFileReference section */
		283E3E1B248D2B5100BF252B /* Stack View Project.app */ = {isa = PBXFileReference; explicitFileType = wrapper.application; includeInIndex = 0; path = "Stack View Project.app"; sourceTree = BUILT_PRODUCTS_DIR; };
		283E3E1E248D2B5100BF252B /* AppDelegate.swift */ = {isa = PBXFileReference; lastKnownFileType = sourcecode.swift; path = AppDelegate.swift; sourceTree = "<group>"; };
		283E3E20248D2B5100BF252B /* SceneDelegate.swift */ = {isa = PBXFileReference; lastKnownFileType = sourcecode.swift; path = SceneDelegate.swift; sourceTree = "<group>"; };
		283E3E22248D2B5100BF252B /* ViewController.swift */ = {isa = PBXFileReference; lastKnownFileType = sourcecode.swift; path = ViewController.swift; sourceTree = "<group>"; };
		283E3E25248D2B5100BF252B /* Base */ = {isa = PBXFileReference; lastKnownFileType = file.storyboard; name = Base; path = Base.lproj/Main.storyboard; sourceTree = "<group>"; };
		283E3E27248D2B5300BF252B /* Assets.xcassets */ = {isa = PBXFileReference; lastKnownFileType = folder.assetcatalog; path = Assets.xcassets; sourceTree = "<group>"; };
		283E3E2A248D2B5300BF252B /* Base */ = {isa = PBXFileReference; lastKnownFileType = file.storyboard; name = Base; path = Base.lproj/LaunchScreen.storyboard; sourceTree = "<group>"; };
		283E3E2C248D2B5300BF252B /* Info.plist */ = {isa = PBXFileReference; lastKnownFileType = text.plist.xml; path = Info.plist; sourceTree = "<group>"; };
/* End PBXFileReference section */

/* Begin PBXFrameworksBuildPhase section */
		283E3E18248D2B5100BF252B /* Frameworks */ = {
			isa = PBXFrameworksBuildPhase;
			buildActionMask = 2147483647;
			files = (
			);
			runOnlyForDeploymentPostprocessing = 0;
		};
/* End PBXFrameworksBuildPhase section */

/* Begin PBXGroup section */
		283E3E12248D2B5100BF252B = {
			isa = PBXGroup;
			children = (
				283E3E1D248D2B5100BF252B /* Stack View Project */,
				283E3E1C248D2B5100BF252B /* Products */,
			);
			sourceTree = "<group>";
		};
		283E3E1C248D2B5100BF252B /* Products */ = {
			isa = PBXGroup;
			children = (
				283E3E1B248D2B5100BF252B /* Stack View Project.app */,
			);
			name = Products;
			sourceTree = "<group>";
		};
		283E3E1D248D2B5100BF252B /* Stack View Project */ = {
			isa = PBXGroup;
			children = (
				283E3E1E248D2B5100BF252B /* AppDelegate.swift */,
				283E3E20248D2B5100BF252B /* SceneDelegate.swift */,
				283E3E22248D2B5100BF252B /* ViewController.swift */,
				283E3E24248D2B5100BF252B /* Main.storyboard */,
				283E3E27248D2B5300BF252B /* Assets.xcassets */,
				283E3E29248D2B5300BF252B /* LaunchScreen.storyboard */,
				283E3E2C248D2B5300BF252B /* Info.plist */,
			);
			path = "Stack View Project";
			sourceTree = "<group>";
		};
/* End PBXGroup section */

/* Begin PBXNativeTarget section */
		283E3E1A248D2B5100BF252B /* Stack View Project */ = {
			isa = PBXNativeTarget;
			buildConfigurationList = 283E3E2F248D2B5300BF252B /* Build configuration list for PBXNativeTarget "Stack View Project" */;
			buildPhases = (
				283E3E17248D2B5100BF252B /* Sources */,
				283E3E18248D2B5100BF252B /* Frameworks */,
				283E3E19248D2B5100BF252B /* Resources */,
			);
			buildRules = (
			);
			dependencies = (
			);
			name = "Stack View Project";
			productName = "Stack View Project";
			productReference = 283E3E1B248D2B5100BF252B /* Stack View Project.app */;
			productType = "com.apple.product-type.application";
		};
/* End PBXNativeTarget section */

/* Begin PBXProject section */
		283E3E13248D2B5100BF252B /* Project object */ = {
			isa = PBXProject;
			attributes = {
				LastSwiftUpdateCheck = 1150;
				LastUpgradeCheck = 1150;
				ORGANIZATIONNAME = "Gennaro Ferrante";
				TargetAttributes = {
					283E3E1A248D2B5100BF252B = {
						CreatedOnToolsVersion = 11.5;
					};
				};
			};
			buildConfigurationList = 283E3E16248D2B5100BF252B /* Build configuration list for PBXProject "Stack View Project" */;
			compatibilityVersion = "Xcode 9.3";
			developmentRegion = en;
			hasScannedForEncodings = 0;
			knownRegions = (
				en,
				Base,
			);
			mainGroup = 283E3E12248D2B5100BF252B;
			productRefGroup = 283E3E1C248D2B5100BF252B /* Products */;
			projectDirPath = "";
			projectRoot = "";
			targets = (
				283E3E1A248D2B5100BF252B /* Stack View Project */,
			);
		};
/* End PBXProject section */

/* Begin PBXResourcesBuildPhase section */
		283E3E19248D2B5100BF252B /* Resources */ = {
			isa = PBXResourcesBuildPhase;
			buildActionMask = 2147483647;
			files = (
				283E3E2B248D2B5300BF252B /* LaunchScreen.storyboard in Resources */,
				283E3E28248D2B5300BF252B /* Assets.xcassets in Resources */,
				283E3E26248D2B5100BF252B /* Main.storyboard in Resources */,
			);
			runOnlyForDeploymentPostprocessing = 0;
		};
/* End PBXResourcesBuildPhase section */

/* Begin PBXSourcesBuildPhase section */
		283E3E17248D2B5100BF252B /* Sources */ = {
			isa = PBXSourcesBuildPhase;
			buildActionMask = 2147483647;
			files = (
				283E3E23248D2B5100BF252B /* ViewController.swift in Sources */,
				283E3E1F248D2B5100BF252B /* AppDelegate.swift in Sources */,
				283E3E21248D2B5100BF252B /* SceneDelegate.swift in Sources */,
			);
			runOnlyForDeploymentPostprocessing = 0;
		};
/* End PBXSourcesBuildPhase section */

/* Begin PBXVariantGroup section */
		283E3E24248D2B5100BF252B /* Main.storyboard */ = {
			isa = PBXVariantGroup;
			children = (
				283E3E25248D2B5100BF252B /* Base */,
			);
			name = Main.storyboard;
			sourceTree = "<group>";
		};
		283E3E29248D2B5300BF252B /* LaunchScreen.storyboard */ = {
			isa = PBXVariantGroup;
			children = (
				283E3E2A248D2B5300BF252B /* Base */,
			);
			name = LaunchScreen.storyboard;
			sourceTree = "<group>";
		};
/* End PBXVariantGroup section */

/* Begin XCBuildConfiguration section */
		283E3E2D248D2B5300BF252B /* Debug */ = {
			isa = XCBuildConfiguration;
			buildSettings = {
				ALWAYS_SEARCH_USER_PATHS = NO;
				CLANG_ANALYZER_NONNULL = YES;
				CLANG_ANALYZER_NUMBER_OBJECT_CONVERSION = YES_AGGRESSIVE;
				CLANG_CXX_LANGUAGE_STANDARD = "gnu++14";
				CLANG_CXX_LIBRARY = "libc++";
				CLANG_ENABLE_MODULES = YES;
				CLANG_ENABLE_OBJC_ARC = YES;
				CLANG_ENABLE_OBJC_WEAK = YES;
				CLANG_WARN_BLOCK_CAPTURE_AUTORELEASING = YES;
				CLANG_WARN_BOOL_CONVERSION = YES;
				CLANG_WARN_COMMA = YES;
				CLANG_WARN_CONSTANT_CONVERSION = YES;
				CLANG_WARN_DEPRECATED_OBJC_IMPLEMENTATIONS = YES;
				CLANG_WARN_DIRECT_OBJC_ISA_USAGE = YES_ERROR;
				CLANG_WARN_DOCUMENTATION_COMMENTS = YES;
				CLANG_WARN_EMPTY_BODY = YES;
				CLANG_WARN_ENUM_CONVERSION = YES;
				CLANG_WARN_INFINITE_RECURSION = YES;
				CLANG_WARN_INT_CONVERSION = YES;
				CLANG_WARN_NON_LITERAL_NULL_CONVERSION = YES;
				CLANG_WARN_OBJC_IMPLICIT_RETAIN_SELF = YES;
				CLANG_WARN_OBJC_LITERAL_CONVERSION = YES;
				CLANG_WARN_OBJC_ROOT_CLASS = YES_ERROR;
				CLANG_WARN_RANGE_LOOP_ANALYSIS = YES;
				CLANG_WARN_STRICT_PROTOTYPES = YES;
				CLANG_WARN_SUSPICIOUS_MOVE = YES;
				CLANG_WARN_UNGUARDED_AVAILABILITY = YES_AGGRESSIVE;
				CLANG_WARN_UNREACHABLE_CODE = YES;
				CLANG_WARN__DUPLICATE_METHOD_MATCH = YES;
				COPY_PHASE_STRIP = NO;
				DEBUG_INFORMATION_FORMAT = dwarf;
				ENABLE_STRICT_OBJC_MSGSEND = YES;
				ENABLE_TESTABILITY = YES;
				GCC_C_LANGUAGE_STANDARD = gnu11;
				GCC_DYNAMIC_NO_PIC = NO;
				GCC_NO_COMMON_BLOCKS = YES;
				GCC_OPTIMIZATION_LEVEL = 0;
				GCC_PREPROCESSOR_DEFINITIONS = (
					"DEBUG=1",
					"$(inherited)",
				);
				GCC_WARN_64_TO_32_BIT_CONVERSION = YES;
				GCC_WARN_ABOUT_RETURN_TYPE = YES_ERROR;
				GCC_WARN_UNDECLARED_SELECTOR = YES;
				GCC_WARN_UNINITIALIZED_AUTOS = YES_AGGRESSIVE;
				GCC_WARN_UNUSED_FUNCTION = YES;
				GCC_WARN_UNUSED_VARIABLE = YES;
				IPHONEOS_DEPLOYMENT_TARGET = 13.5;
				MTL_ENABLE_DEBUG_INFO = INCLUDE_SOURCE;
				MTL_FAST_MATH = YES;
				ONLY_ACTIVE_ARCH = YES;
				SDKROOT = iphoneos;
				SWIFT_ACTIVE_COMPILATION_CONDITIONS = DEBUG;
				SWIFT_OPTIMIZATION_LEVEL = "-Onone";
			};
			name = Debug;
		};
		283E3E2E248D2B5300BF252B /* Release */ = {
			isa = XCBuildConfiguration;
			buildSettings = {
				ALWAYS_SEARCH_USER_PATHS = NO;
				CLANG_ANALYZER_NONNULL = YES;
				CLANG_ANALYZER_NUMBER_OBJECT_CONVERSION = YES_AGGRESSIVE;
				CLANG_CXX_LANGUAGE_STANDARD = "gnu++14";
				CLANG_CXX_LIBRARY = "libc++";
				CLANG_ENABLE_MODULES = YES;
				CLANG_ENABLE_OBJC_ARC = YES;
				CLANG_ENABLE_OBJC_WEAK = YES;
				CLANG_WARN_BLOCK_CAPTURE_AUTORELEASING = YES;
				CLANG_WARN_BOOL_CONVERSION = YES;
				CLANG_WARN_COMMA = YES;
				CLANG_WARN_CONSTANT_CONVERSION = YES;
				CLANG_WARN_DEPRECATED_OBJC_IMPLEMENTATIONS = YES;
				CLANG_WARN_DIRECT_OBJC_ISA_USAGE = YES_ERROR;
				CLANG_WARN_DOCUMENTATION_COMMENTS = YES;
				CLANG_WARN_EMPTY_BODY = YES;
				CLANG_WARN_ENUM_CONVERSION = YES;
				CLANG_WARN_INFINITE_RECURSION = YES;
				CLANG_WARN_INT_CONVERSION = YES;
				CLANG_WARN_NON_LITERAL_NULL_CONVERSION = YES;
				CLANG_WARN_OBJC_IMPLICIT_RETAIN_SELF = YES;
				CLANG_WARN_OBJC_LITERAL_CONVERSION = YES;
				CLANG_WARN_OBJC_ROOT_CLASS = YES_ERROR;
				CLANG_WARN_RANGE_LOOP_ANALYSIS = YES;
				CLANG_WARN_STRICT_PROTOTYPES = YES;
				CLANG_WARN_SUSPICIOUS_MOVE = YES;
				CLANG_WARN_UNGUARDED_AVAILABILITY = YES_AGGRESSIVE;
				CLANG_WARN_UNREACHABLE_CODE = YES;
				CLANG_WARN__DUPLICATE_METHOD_MATCH = YES;
				COPY_PHASE_STRIP = NO;
				DEBUG_INFORMATION_FORMAT = "dwarf-with-dsym";
				ENABLE_NS_ASSERTIONS = NO;
				ENABLE_STRICT_OBJC_MSGSEND = YES;
				GCC_C_LANGUAGE_STANDARD = gnu11;
				GCC_NO_COMMON_BLOCKS = YES;
				GCC_WARN_64_TO_32_BIT_CONVERSION = YES;
				GCC_WARN_ABOUT_RETURN_TYPE = YES_ERROR;
				GCC_WARN_UNDECLARED_SELECTOR = YES;
				GCC_WARN_UNINITIALIZED_AUTOS = YES_AGGRESSIVE;
				GCC_WARN_UNUSED_FUNCTION = YES;
				GCC_WARN_UNUSED_VARIABLE = YES;
				IPHONEOS_DEPLOYMENT_TARGET = 13.5;
				MTL_ENABLE_DEBUG_INFO = NO;
				MTL_FAST_MATH = YES;
				SDKROOT = iphoneos;
				SWIFT_COMPILATION_MODE = wholemodule;
				SWIFT_OPTIMIZATION_LEVEL = "-O";
				VALIDATE_PRODUCT = YES;
			};
			name = Release;
		};
		283E3E30248D2B5300BF252B /* Debug */ = {
			isa = XCBuildConfiguration;
			buildSettings = {
				ASSETCATALOG_COMPILER_APPICON_NAME = AppIcon;
				CODE_SIGN_STYLE = Automatic;
				DEVELOPMENT_TEAM = 45L958SUXH;
				INFOPLIST_FILE = "Stack View Project/Info.plist";
				LD_RUNPATH_SEARCH_PATHS = (
					"$(inherited)",
					"@executable_path/Frameworks",
				);
				PRODUCT_BUNDLE_IDENTIFIER = "cr.Stack-View-Project.Stack-View-Project";
				PRODUCT_NAME = "$(TARGET_NAME)";
				SWIFT_VERSION = 5.0;
				TARGETED_DEVICE_FAMILY = "1,2";
			};
			name = Debug;
		};
		283E3E31248D2B5300BF252B /* Release */ = {
			isa = XCBuildConfiguration;
			buildSettings = {
				ASSETCATALOG_COMPILER_APPICON_NAME = AppIcon;
				CODE_SIGN_STYLE = Automatic;
				DEVELOPMENT_TEAM = 45L958SUXH;
				INFOPLIST_FILE = "Stack View Project/Info.plist";
				LD_RUNPATH_SEARCH_PATHS = (
					"$(inherited)",
					"@executable_path/Frameworks",
				);
				PRODUCT_BUNDLE_IDENTIFIER = "cr.Stack-View-Project.Stack-View-Project";
				PRODUCT_NAME = "$(TARGET_NAME)";
				SWIFT_VERSION = 5.0;
				TARGETED_DEVICE_FAMILY = "1,2";
			};
			name = Release;
		};
/* End XCBuildConfiguration section */

/* Begin XCConfigurationList section */
		283E3E16248D2B5100BF252B /* Build configuration list for PBXProject "Stack View Project" */ = {
			isa = XCConfigurationList;
			buildConfigurations = (
				283E3E2D248D2B5300BF252B /* Debug */,
				283E3E2E248D2B5300BF252B /* Release */,
			);
			defaultConfigurationIsVisible = 0;
			defaultConfigurationName = Release;
		};
		283E3E2F248D2B5300BF252B /* Build configuration list for PBXNativeTarget "Stack View Project" */ = {
			isa = XCConfigurationList;
			buildConfigurations = (
				283E3E30248D2B5300BF252B /* Debug */,
				283E3E31248D2B5300BF252B /* Release */,
			);
			defaultConfigurationIsVisible = 0;
			defaultConfigurationName = Release;
		};
/* End XCConfigurationList section */
	};
	rootObject = 283E3E13248D2B5100BF252B /* Project object */;
}
